
Microsoft Visual Studio Solution File, Format Version 12.00
# Visual Studio 15
VisualStudioVersion = 15.0.28307.168
MinimumVisualStudioVersion = 10.0.40219.1
Project("{9A19103F-16F7-4668-BE54-9A1E7A4F7556}") = "M8Scoring", "M8Scoring\M8Scoring.csproj", "{DBB0C266-041A-40F6-B3C3-31D4D213FD58}"
EndProject
Global
	GlobalSection(SolutionConfigurationPlatforms) = preSolution
		Debug|Any CPU = Debug|Any CPU
		Release|Any CPU = Release|Any CPU
	EndGlobalSection
	GlobalSection(ProjectConfigurationPlatforms) = postSolution
		{DBB0C266-041A-40F6-B3C3-31D4D213FD58}.Debug|Any CPU.ActiveCfg = Debug|Any CPU
		{DBB0C266-041A-40F6-B3C3-31D4D213FD58}.Debug|Any CPU.Build.0 = Debug|Any CPU
		{DBB0C266-041A-40F6-B3C3-31D4D213FD58}.Release|Any CPU.ActiveCfg = Release|Any CPU
		{DBB0C266-041A-40F6-B3C3-31D4D213FD58}.Release|Any CPU.Build.0 = Release|Any CPU
	EndGlobalSection
	GlobalSection(SolutionProperties) = preSolution
		HideSolutionNode = FALSE
	EndGlobalSection
	GlobalSection(ExtensibilityGlobals) = postSolution
		SolutionGuid = {4D29A928-7ACC-4187-938D-8ABDA3BDCD70}
		LessCompiler = dbb0c266-041a-40f6-b3c3-31d4d213fd58
	EndGlobalSection
EndGlobal
